
Microsoft Visual Studio Solution File, Format Version 12.00
# Visual Studio Version 17
VisualStudioVersion = 17.7.34024.191
MinimumVisualStudioVersion = 10.0.40219.1
Project("{FAE04EC0-301F-11D3-BF4B-00C04F79EFBC}") = "PhamThienNhiWPF", "PhamThienNhiWPF\PhamThienNhiWPF.csproj", "{B76587CC-835E-40CF-9FF0-CD70DD45105B}"
EndProject
Project("{FAE04EC0-301F-11D3-BF4B-00C04F79EFBC}") = "BusinessObjects", "BusinessObjects\BusinessObjects.csproj", "{0A72AEEE-C412-4290-BB0B-AB61BE4BE5A9}"
EndProject
Project("{FAE04EC0-301F-11D3-BF4B-00C04F79EFBC}") = "DataAccessLayer", "DataAccessLayer\DataAccessLayer.csproj", "{2B8B4CBD-A42D-4802-9500-593C59CA9C9F}"
EndProject
Project("{FAE04EC0-301F-11D3-BF4B-00C04F79EFBC}") = "Repositories", "Repositories\Repositories.csproj", "{81F91E4A-E150-459C-A7D8-B570677A6CEE}"
EndProject
Global
	GlobalSection(SolutionConfigurationPlatforms) = preSolution
		Debug|Any CPU = Debug|Any CPU
		Release|Any CPU = Release|Any CPU
	EndGlobalSection
	GlobalSection(ProjectConfigurationPlatforms) = postSolution
		{B76587CC-835E-40CF-9FF0-CD70DD45105B}.Debug|Any CPU.ActiveCfg = Debug|Any CPU
		{B76587CC-835E-40CF-9FF0-CD70DD45105B}.Debug|Any CPU.Build.0 = Debug|Any CPU
		{B76587CC-835E-40CF-9FF0-CD70DD45105B}.Release|Any CPU.ActiveCfg = Release|Any CPU
		{B76587CC-835E-40CF-9FF0-CD70DD45105B}.Release|Any CPU.Build.0 = Release|Any CPU
		{0A72AEEE-C412-4290-BB0B-AB61BE4BE5A9}.Debug|Any CPU.ActiveCfg = Debug|Any CPU
		{0A72AEEE-C412-4290-BB0B-AB61BE4BE5A9}.Debug|Any CPU.Build.0 = Debug|Any CPU
		{0A72AEEE-C412-4290-BB0B-AB61BE4BE5A9}.Release|Any CPU.ActiveCfg = Release|Any CPU
		{0A72AEEE-C412-4290-BB0B-AB61BE4BE5A9}.Release|Any CPU.Build.0 = Release|Any CPU
		{2B8B4CBD-A42D-4802-9500-593C59CA9C9F}.Debug|Any CPU.ActiveCfg = Debug|Any CPU
		{2B8B4CBD-A42D-4802-9500-593C59CA9C9F}.Debug|Any CPU.Build.0 = Debug|Any CPU
		{2B8B4CBD-A42D-4802-9500-593C59CA9C9F}.Release|Any CPU.ActiveCfg = Release|Any CPU
		{2B8B4CBD-A42D-4802-9500-593C59CA9C9F}.Release|Any CPU.Build.0 = Release|Any CPU
		{81F91E4A-E150-459C-A7D8-B570677A6CEE}.Debug|Any CPU.ActiveCfg = Debug|Any CPU
		{81F91E4A-E150-459C-A7D8-B570677A6CEE}.Debug|Any CPU.Build.0 = Debug|Any CPU
		{81F91E4A-E150-459C-A7D8-B570677A6CEE}.Release|Any CPU.ActiveCfg = Release|Any CPU
		{81F91E4A-E150-459C-A7D8-B570677A6CEE}.Release|Any CPU.Build.0 = Release|Any CPU
	EndGlobalSection
	GlobalSection(SolutionProperties) = preSolution
		HideSolutionNode = FALSE
	EndGlobalSection
	GlobalSection(ExtensibilityGlobals) = postSolution
		SolutionGuid = {8A9C2628-7AAE-44B9-AC17-45B2434DC4DD}
	EndGlobalSection
EndGlobal
