
Microsoft Visual Studio Solution File, Format Version 12.00
# Visual Studio Version 16
VisualStudioVersion = 25.0.1706.4
MinimumVisualStudioVersion = 10.0.40219.1
Project("{FAE04EC0-301F-11D3-BF4B-00C04F79EFBC}") = "RazorPages", "RazorPages.csproj", "{A5F7FAEE-B7C5-4217-80C5-4826742DC9D5}"
EndProject
Global
	GlobalSection(SolutionConfigurationPlatforms) = preSolution
		Debug|Any CPU = Debug|Any CPU
		Release|Any CPU = Release|Any CPU
	EndGlobalSection
	GlobalSection(ProjectConfigurationPlatforms) = postSolution
		{A5F7FAEE-B7C5-4217-80C5-4826742DC9D5}.Debug|Any CPU.ActiveCfg = Debug|Any CPU
		{A5F7FAEE-B7C5-4217-80C5-4826742DC9D5}.Debug|Any CPU.Build.0 = Debug|Any CPU
		{A5F7FAEE-B7C5-4217-80C5-4826742DC9D5}.Release|Any CPU.ActiveCfg = Release|Any CPU
		{A5F7FAEE-B7C5-4217-80C5-4826742DC9D5}.Release|Any CPU.Build.0 = Release|Any CPU
	EndGlobalSection
	GlobalSection(SolutionProperties) = preSolution
		HideSolutionNode = FALSE
	EndGlobalSection
	GlobalSection(ExtensibilityGlobals) = postSolution
		SolutionGuid = {769753D0-60D3-4861-A34E-A69E6C9C3AF9}
	EndGlobalSection
EndGlobal
