
Microsoft Visual Studio Solution File, Format Version 12.00
# Visual Studio Version 16
VisualStudioVersion = 16.0.31205.134
MinimumVisualStudioVersion = 10.0.40219.1
Project("{9A19103F-16F7-4668-BE54-9A1E7A4F7556}") = "DemoWPF_XML_01", "DemoWPF_XML_01\DemoWPF_XML_01.csproj", "{F4E43153-84A1-490E-9117-37814D1F1025}"
EndProject
Project("{9A19103F-16F7-4668-BE54-9A1E7A4F7556}") = "Demo_XmlSerializer_01", "Demo_XmlSerializer_01\Demo_XmlSerializer_01.csproj", "{5265BA28-7623-41E9-86B9-9F2A6632F126}"
EndProject
Project("{FAE04EC0-301F-11D3-BF4B-00C04F79EFBC}") = "Demo_XMLSerialization_02", "Demo_XMLSerialization_02\Demo_XMLSerialization_02.csproj", "{0BA34AD5-E077-4EDD-AD6D-1979FE7B1AFA}"
EndProject
Project("{FAE04EC0-301F-11D3-BF4B-00C04F79EFBC}") = "Demo_JSON_Serialization", "Demo_JSON_Serialization\Demo_JSON_Serialization.csproj", "{FE355648-FDA6-4A9E-80AA-C78D8B05986E}"
EndProject
Project("{FAE04EC0-301F-11D3-BF4B-00C04F79EFBC}") = "Demo_JsonSerializationBehavior", "Demo_JsonSerializationBehavior\Demo_JsonSerializationBehavior.csproj", "{3774815E-05EC-449A-BF24-D62D3A2F6274}"
EndProject
Project("{FAE04EC0-301F-11D3-BF4B-00C04F79EFBC}") = "Demo_JSON_SerializationOptions", "Demo_JSON_SerializationOptions\Demo_JSON_SerializationOptions.csproj", "{2CD6EEBF-2E25-4668-B116-465CE504B4D5}"
EndProject
Global
	GlobalSection(SolutionConfigurationPlatforms) = preSolution
		Debug|Any CPU = Debug|Any CPU
		Release|Any CPU = Release|Any CPU
	EndGlobalSection
	GlobalSection(ProjectConfigurationPlatforms) = postSolution
		{F4E43153-84A1-490E-9117-37814D1F1025}.Debug|Any CPU.ActiveCfg = Debug|Any CPU
		{F4E43153-84A1-490E-9117-37814D1F1025}.Debug|Any CPU.Build.0 = Debug|Any CPU
		{F4E43153-84A1-490E-9117-37814D1F1025}.Release|Any CPU.ActiveCfg = Release|Any CPU
		{F4E43153-84A1-490E-9117-37814D1F1025}.Release|Any CPU.Build.0 = Release|Any CPU
		{5265BA28-7623-41E9-86B9-9F2A6632F126}.Debug|Any CPU.ActiveCfg = Debug|Any CPU
		{5265BA28-7623-41E9-86B9-9F2A6632F126}.Debug|Any CPU.Build.0 = Debug|Any CPU
		{5265BA28-7623-41E9-86B9-9F2A6632F126}.Release|Any CPU.ActiveCfg = Release|Any CPU
		{5265BA28-7623-41E9-86B9-9F2A6632F126}.Release|Any CPU.Build.0 = Release|Any CPU
		{0BA34AD5-E077-4EDD-AD6D-1979FE7B1AFA}.Debug|Any CPU.ActiveCfg = Debug|Any CPU
		{0BA34AD5-E077-4EDD-AD6D-1979FE7B1AFA}.Debug|Any CPU.Build.0 = Debug|Any CPU
		{0BA34AD5-E077-4EDD-AD6D-1979FE7B1AFA}.Release|Any CPU.ActiveCfg = Release|Any CPU
		{0BA34AD5-E077-4EDD-AD6D-1979FE7B1AFA}.Release|Any CPU.Build.0 = Release|Any CPU
		{FE355648-FDA6-4A9E-80AA-C78D8B05986E}.Debug|Any CPU.ActiveCfg = Debug|Any CPU
		{FE355648-FDA6-4A9E-80AA-C78D8B05986E}.Debug|Any CPU.Build.0 = Debug|Any CPU
		{FE355648-FDA6-4A9E-80AA-C78D8B05986E}.Release|Any CPU.ActiveCfg = Release|Any CPU
		{FE355648-FDA6-4A9E-80AA-C78D8B05986E}.Release|Any CPU.Build.0 = Release|Any CPU
		{3774815E-05EC-449A-BF24-D62D3A2F6274}.Debug|Any CPU.ActiveCfg = Debug|Any CPU
		{3774815E-05EC-449A-BF24-D62D3A2F6274}.Debug|Any CPU.Build.0 = Debug|Any CPU
		{3774815E-05EC-449A-BF24-D62D3A2F6274}.Release|Any CPU.ActiveCfg = Release|Any CPU
		{3774815E-05EC-449A-BF24-D62D3A2F6274}.Release|Any CPU.Build.0 = Release|Any CPU
		{2CD6EEBF-2E25-4668-B116-465CE504B4D5}.Debug|Any CPU.ActiveCfg = Debug|Any CPU
		{2CD6EEBF-2E25-4668-B116-465CE504B4D5}.Debug|Any CPU.Build.0 = Debug|Any CPU
		{2CD6EEBF-2E25-4668-B116-465CE504B4D5}.Release|Any CPU.ActiveCfg = Release|Any CPU
		{2CD6EEBF-2E25-4668-B116-465CE504B4D5}.Release|Any CPU.Build.0 = Release|Any CPU
	EndGlobalSection
	GlobalSection(SolutionProperties) = preSolution
		HideSolutionNode = FALSE
	EndGlobalSection
	GlobalSection(ExtensibilityGlobals) = postSolution
		SolutionGuid = {6D26EA08-98B6-4AB3-B50E-8265CA22923B}
	EndGlobalSection
EndGlobal
